
Microsoft Visual Studio Solution File, Format Version 12.00
# Visual Studio Version 17
VisualStudioVersion = 17.3.32901.215
MinimumVisualStudioVersion = 10.0.40219.1
Project("{FAE04EC0-301F-11D3-BF4B-00C04F79EFBC}") = "CSharp HomeWork 13", "CSharp HomeWork 13\CSharp HomeWork 13.csproj", "{D0192E04-24D1-4818-8EAB-0354469F3731}"
EndProject
Global
	GlobalSection(SolutionConfigurationPlatforms) = preSolution
		Debug|Any CPU = Debug|Any CPU
		Release|Any CPU = Release|Any CPU
	EndGlobalSection
	GlobalSection(ProjectConfigurationPlatforms) = postSolution
		{D0192E04-24D1-4818-8EAB-0354469F3731}.Debug|Any CPU.ActiveCfg = Debug|Any CPU
		{D0192E04-24D1-4818-8EAB-0354469F3731}.Debug|Any CPU.Build.0 = Debug|Any CPU
		{D0192E04-24D1-4818-8EAB-0354469F3731}.Release|Any CPU.ActiveCfg = Release|Any CPU
		{D0192E04-24D1-4818-8EAB-0354469F3731}.Release|Any CPU.Build.0 = Release|Any CPU
	EndGlobalSection
	GlobalSection(SolutionProperties) = preSolution
		HideSolutionNode = FALSE
	EndGlobalSection
	GlobalSection(ExtensibilityGlobals) = postSolution
		SolutionGuid = {6F03FCB9-0317-4B00-B6E1-3611C5071EDF}
	EndGlobalSection
EndGlobal
