
Microsoft Visual Studio Solution File, Format Version 12.00
# Visual Studio Version 17
VisualStudioVersion = 17.3.32804.467
MinimumVisualStudioVersion = 10.0.40219.1
Project("{FAE04EC0-301F-11D3-BF4B-00C04F79EFBC}") = "CSharp HomeWork 3", "CSharp HomeWork 3\CSharp HomeWork 3.csproj", "{C8C6E60C-4DBF-4C5F-AC73-BFFE7841AE38}"
EndProject
Global
	GlobalSection(SolutionConfigurationPlatforms) = preSolution
		Debug|Any CPU = Debug|Any CPU
		Release|Any CPU = Release|Any CPU
	EndGlobalSection
	GlobalSection(ProjectConfigurationPlatforms) = postSolution
		{C8C6E60C-4DBF-4C5F-AC73-BFFE7841AE38}.Debug|Any CPU.ActiveCfg = Debug|Any CPU
		{C8C6E60C-4DBF-4C5F-AC73-BFFE7841AE38}.Debug|Any CPU.Build.0 = Debug|Any CPU
		{C8C6E60C-4DBF-4C5F-AC73-BFFE7841AE38}.Release|Any CPU.ActiveCfg = Release|Any CPU
		{C8C6E60C-4DBF-4C5F-AC73-BFFE7841AE38}.Release|Any CPU.Build.0 = Release|Any CPU
	EndGlobalSection
	GlobalSection(SolutionProperties) = preSolution
		HideSolutionNode = FALSE
	EndGlobalSection
	GlobalSection(ExtensibilityGlobals) = postSolution
		SolutionGuid = {CE6807E8-54EE-4C66-BAFF-2AE451EFD699}
	EndGlobalSection
EndGlobal
