
Microsoft Visual Studio Solution File, Format Version 12.00
# Visual Studio Version 17
VisualStudioVersion = 17.3.32804.467
MinimumVisualStudioVersion = 10.0.40219.1
Project("{FAE04EC0-301F-11D3-BF4B-00C04F79EFBC}") = "CSharp HomeWork 8", "CSharp HomeWork 8\CSharp HomeWork 8.csproj", "{E88C4768-AE7F-435E-AD41-34F5589F4C66}"
EndProject
Global
	GlobalSection(SolutionConfigurationPlatforms) = preSolution
		Debug|Any CPU = Debug|Any CPU
		Release|Any CPU = Release|Any CPU
	EndGlobalSection
	GlobalSection(ProjectConfigurationPlatforms) = postSolution
		{E88C4768-AE7F-435E-AD41-34F5589F4C66}.Debug|Any CPU.ActiveCfg = Debug|Any CPU
		{E88C4768-AE7F-435E-AD41-34F5589F4C66}.Debug|Any CPU.Build.0 = Debug|Any CPU
		{E88C4768-AE7F-435E-AD41-34F5589F4C66}.Release|Any CPU.ActiveCfg = Release|Any CPU
		{E88C4768-AE7F-435E-AD41-34F5589F4C66}.Release|Any CPU.Build.0 = Release|Any CPU
	EndGlobalSection
	GlobalSection(SolutionProperties) = preSolution
		HideSolutionNode = FALSE
	EndGlobalSection
	GlobalSection(ExtensibilityGlobals) = postSolution
		SolutionGuid = {B4B35126-27AF-4898-A029-CEBDFF909E0A}
	EndGlobalSection
EndGlobal
